{
  "version": 4,
  "terraform_version": "1.9.0",
  "serial": 41,
  "lineage": "8072b51c-6118-f442-8c05-cbdb4f25917e",
  "outputs": {},
  "resources": [
    {
      "mode": "managed",
      "type": "azurerm_resource_group",
      "name": "Network",
      "provider": "provider[\"registry.terraform.io/hashicorp/azurerm\"]",
      "instances": [
        {
          "schema_version": 0,
          "attributes": {
            "id": "/subscriptions/97147c2c-87f7-4202-8767-4406edbe6da4/resourceGroups/Demo-Network-rg",
            "location": "southeastasia",
            "managed_by": "",
            "name": "Demo-Network-rg",
            "tags": {
              "Environment": "rattapon"
            },
            "timeouts": null
          },
          "sensitive_attributes": [],
          "private": "eyJlMmJmYjczMC1lY2FhLTExZTYtOGY4OC0zNDM2M2JjN2M0YzAiOnsiY3JlYXRlIjo1NDAwMDAwMDAwMDAwLCJkZWxldGUiOjU0MDAwMDAwMDAwMDAsInJlYWQiOjMwMDAwMDAwMDAwMCwidXBkYXRlIjo1NDAwMDAwMDAwMDAwfX0="
        }
      ]
    },
    {
      "mode": "managed",
      "type": "azurerm_resource_group",
      "name": "app-gateway-rg",
      "provider": "provider[\"registry.terraform.io/hashicorp/azurerm\"]",
      "instances": [
        {
          "schema_version": 0,
          "attributes": {
            "id": "/subscriptions/97147c2c-87f7-4202-8767-4406edbe6da4/resourceGroups/Demo-app-gateway-rg",
            "location": "southeastasia",
            "managed_by": "",
            "name": "Demo-app-gateway-rg",
            "tags": {
              "Environment": "rattapon"
            },
            "timeouts": null
          },
          "sensitive_attributes": [],
          "private": "eyJlMmJmYjczMC1lY2FhLTExZTYtOGY4OC0zNDM2M2JjN2M0YzAiOnsiY3JlYXRlIjo1NDAwMDAwMDAwMDAwLCJkZWxldGUiOjU0MDAwMDAwMDAwMDAsInJlYWQiOjMwMDAwMDAwMDAwMCwidXBkYXRlIjo1NDAwMDAwMDAwMDAwfX0="
        }
      ]
    },
    {
      "mode": "managed",
      "type": "azurerm_resource_group",
      "name": "firewall-rg",
      "provider": "provider[\"registry.terraform.io/hashicorp/azurerm\"]",
      "instances": [
        {
          "schema_version": 0,
          "attributes": {
            "id": "/subscriptions/97147c2c-87f7-4202-8767-4406edbe6da4/resourceGroups/Demo-firewall-rg",
            "location": "southeastasia",
            "managed_by": "",
            "name": "Demo-firewall-rg",
            "tags": {
              "Environment": "rattapon"
            },
            "timeouts": null
          },
          "sensitive_attributes": [],
          "private": "eyJlMmJmYjczMC1lY2FhLTExZTYtOGY4OC0zNDM2M2JjN2M0YzAiOnsiY3JlYXRlIjo1NDAwMDAwMDAwMDAwLCJkZWxldGUiOjU0MDAwMDAwMDAwMDAsInJlYWQiOjMwMDAwMDAwMDAwMCwidXBkYXRlIjo1NDAwMDAwMDAwMDAwfX0="
        }
      ]
    },
    {
      "mode": "managed",
      "type": "azurerm_resource_group",
      "name": "vwan",
      "provider": "provider[\"registry.terraform.io/hashicorp/azurerm\"]",
      "instances": [
        {
          "schema_version": 0,
          "attributes": {
            "id": "/subscriptions/97147c2c-87f7-4202-8767-4406edbe6da4/resourceGroups/Demo-virtual-wan-rg",
            "location": "southeastasia",
            "managed_by": "",
            "name": "Demo-virtual-wan-rg",
            "tags": {
              "Environment": "rattapon"
            },
            "timeouts": null
          },
          "sensitive_attributes": [],
          "private": "eyJlMmJmYjczMC1lY2FhLTExZTYtOGY4OC0zNDM2M2JjN2M0YzAiOnsiY3JlYXRlIjo1NDAwMDAwMDAwMDAwLCJkZWxldGUiOjU0MDAwMDAwMDAwMDAsInJlYWQiOjMwMDAwMDAwMDAwMCwidXBkYXRlIjo1NDAwMDAwMDAwMDAwfX0="
        }
      ]
    },
    {
      "mode": "managed",
      "type": "azurerm_virtual_network",
      "name": "vnet1",
      "provider": "provider[\"registry.terraform.io/hashicorp/azurerm\"]",
      "instances": [
        {
          "schema_version": 0,
          "attributes": {
            "address_space": [
              "10.36.0.0/16"
            ],
            "bgp_community": "",
            "ddos_protection_plan": [],
            "dns_servers": [
              "8.8.8.8",
              "8.8.4.4"
            ],
            "edge_zone": "",
            "encryption": [],
            "flow_timeout_in_minutes": 0,
            "guid": "3669cf24-779f-4375-9ed4-60fa5485c843",
            "id": "/subscriptions/97147c2c-87f7-4202-8767-4406edbe6da4/resourceGroups/Demo-Network-rg/providers/Microsoft.Network/virtualNetworks/Demo-hub-vnet",
            "location": "southeastasia",
            "name": "Demo-hub-vnet",
            "resource_group_name": "Demo-Network-rg",
            "subnet": [
              {
                "address_prefix": "10.36.0.0/24",
                "id": "/subscriptions/97147c2c-87f7-4202-8767-4406edbe6da4/resourceGroups/Demo-Network-rg/providers/Microsoft.Network/virtualNetworks/Demo-hub-vnet/subnets/firewall-subnet",
                "name": "firewall-subnet",
                "security_group": ""
              },
              {
                "address_prefix": "10.36.1.0/24",
                "id": "/subscriptions/97147c2c-87f7-4202-8767-4406edbe6da4/resourceGroups/Demo-Network-rg/providers/Microsoft.Network/virtualNetworks/Demo-hub-vnet/subnets/app-gateway-subnet",
                "name": "app-gateway-subnet",
                "security_group": ""
              }
            ],
            "tags": {
              "Environment": "rattapon",
              "meka": "goods"
            },
            "timeouts": null
          },
          "sensitive_attributes": [],
          "private": "eyJlMmJmYjczMC1lY2FhLTExZTYtOGY4OC0zNDM2M2JjN2M0YzAiOnsiY3JlYXRlIjoxODAwMDAwMDAwMDAwLCJkZWxldGUiOjE4MDAwMDAwMDAwMDAsInJlYWQiOjMwMDAwMDAwMDAwMCwidXBkYXRlIjoxODAwMDAwMDAwMDAwfX0=",
          "dependencies": [
            "azurerm_resource_group.Network"
          ]
        }
      ]
    },
    {
      "mode": "managed",
      "type": "azurerm_virtual_wan",
      "name": "demo-vwan",
      "provider": "provider[\"registry.terraform.io/hashicorp/azurerm\"]",
      "instances": [
        {
          "schema_version": 0,
          "attributes": {
            "allow_branch_to_branch_traffic": true,
            "disable_vpn_encryption": false,
            "id": "/subscriptions/97147c2c-87f7-4202-8767-4406edbe6da4/resourceGroups/Demo-virtual-wan-rg/providers/Microsoft.Network/virtualWans/demo-vwan",
            "location": "southeastasia",
            "name": "demo-vwan",
            "office365_local_breakout_category": "None",
            "resource_group_name": "Demo-virtual-wan-rg",
            "tags": {
              "Environment": "rattapon",
              "meka": "goods"
            },
            "timeouts": null,
            "type": "Standard"
          },
          "sensitive_attributes": [],
          "private": "eyJlMmJmYjczMC1lY2FhLTExZTYtOGY4OC0zNDM2M2JjN2M0YzAiOnsiY3JlYXRlIjoxODAwMDAwMDAwMDAwLCJkZWxldGUiOjE4MDAwMDAwMDAwMDAsInJlYWQiOjMwMDAwMDAwMDAwMCwidXBkYXRlIjoxODAwMDAwMDAwMDAwfX0=",
          "dependencies": [
            "azurerm_resource_group.vwan"
          ]
        }
      ]
    }
  ],
  "check_results": null
}
